
Microsoft Visual Studio Solution File, Format Version 12.00
# Visual Studio Version 17
VisualStudioVersion = 17.5.33502.453
MinimumVisualStudioVersion = 10.0.40219.1
Project("{8BC9CEB8-8B4A-11D0-8D11-00A0C91BC942}") = "cs2cheat", "cs2cheat\cs2cheat.vcxproj", "{2363DC8B-EC60-413F-99DA-19F43BEA8A1D}"
	ProjectSection(ProjectDependencies) = postProject
		{78B079BD-9FC7-4B9E-B4A6-96DA0F00248B} = {78B079BD-9FC7-4B9E-B4A6-96DA0F00248B}
	EndProjectSection
EndProject
Project("{8BC9CEB8-8B4A-11D0-8D11-00A0C91BC942}") = "freetype", "cs2cheat\dependencies\freetype-2.13.0\builds\windows\vc2010\freetype.vcxproj", "{78B079BD-9FC7-4B9E-B4A6-96DA0F00248B}"
EndProject
Global
	GlobalSection(SolutionConfigurationPlatforms) = preSolution
		Debug|x64 = Debug|x64
		Distribution|x64 = Distribution|x64
		Release|x64 = Release|x64
	EndGlobalSection
	GlobalSection(ProjectConfigurationPlatforms) = postSolution
		{2363DC8B-EC60-413F-99DA-19F43BEA8A1D}.Debug|x64.ActiveCfg = Debug|x64
		{2363DC8B-EC60-413F-99DA-19F43BEA8A1D}.Debug|x64.Build.0 = Debug|x64
		{2363DC8B-EC60-413F-99DA-19F43BEA8A1D}.Distribution|x64.ActiveCfg = Distribution|x64
		{2363DC8B-EC60-413F-99DA-19F43BEA8A1D}.Distribution|x64.Build.0 = Distribution|x64
		{2363DC8B-EC60-413F-99DA-19F43BEA8A1D}.Release|x64.ActiveCfg = Release|x64
		{2363DC8B-EC60-413F-99DA-19F43BEA8A1D}.Release|x64.Build.0 = Release|x64
		{78B079BD-9FC7-4B9E-B4A6-96DA0F00248B}.Debug|x64.ActiveCfg = Debug Static|x64
		{78B079BD-9FC7-4B9E-B4A6-96DA0F00248B}.Debug|x64.Build.0 = Debug Static|x64
		{78B079BD-9FC7-4B9E-B4A6-96DA0F00248B}.Distribution|x64.ActiveCfg = Distribution Static|x64
		{78B079BD-9FC7-4B9E-B4A6-96DA0F00248B}.Distribution|x64.Build.0 = Distribution Static|x64
		{78B079BD-9FC7-4B9E-B4A6-96DA0F00248B}.Release|x64.ActiveCfg = Release Static|x64
		{78B079BD-9FC7-4B9E-B4A6-96DA0F00248B}.Release|x64.Build.0 = Release Static|x64
	EndGlobalSection
	GlobalSection(SolutionProperties) = preSolution
		HideSolutionNode = FALSE
	EndGlobalSection
	GlobalSection(ExtensibilityGlobals) = postSolution
		SolutionGuid = {899DB5AA-9284-4D49-92C0-43D823C0A1C7}
	EndGlobalSection
EndGlobal
