<?xml version="1.0" encoding="utf-8"?>
<Project ToolsVersion="4.0" xmlns="http://schemas.microsoft.com/developer/msbuild/2003">
  <ItemGroup>
    <ClInclude Include="src\sdk\memory\memory.hpp" />
    <ClInclude Include="src\sdk\source-sdk\classes\interface.hpp" />
    <ClInclude Include="src\api\module\module.hpp" />
    <ClInclude Include="src\sdk\interfaces\interfaces.hpp" />
    <ClInclude Include="src\sdk\source-sdk\classes\cgameresourceserviceclient.hpp" />
    <ClInclude Include="src\sdk\source-sdk\classes\cgameentitysystem.hpp" />
    <ClInclude Include="src\sdk\virtual.hpp" />
    <ClInclude Include="src\defines.hpp" />
    <ClInclude Include="dependencies\stb\stb.hh" />
    <ClInclude Include="src\console\console.hpp" />
    <ClInclude Include="src\sdk\source-sdk\classes\csource2client.hpp" />
    <ClInclude Include="src\sdk\source-sdk\classes\cschemasystem.hpp" />
    <ClInclude Include="src\sdk\source-sdk\netvars\netvars.hpp" />
    <ClInclude Include="dependencies\fnv1a\hash_fnv1a_constexpr.h" />
    <ClInclude Include="src\sdk\source-sdk\classes\entity\ccsplayercontroller.hpp" />
    <ClInclude Include="src\sdk\source-sdk\classes\entity\cbaseplayercontroller.hpp" />
    <ClInclude Include="src\sdk\source-sdk\classes\entity\c_baseentity.hpp" />
    <ClInclude Include="src\hooks\hooks.hpp" />
    <ClInclude Include="dependencies\funchook\src\funchook.h" />
    <ClInclude Include="dependencies\funchook\src\disasm.h" />
    <ClInclude Include="dependencies\funchook\src\funchook_internal.h" />
    <ClInclude Include="dependencies\funchook\src\funchook_x86.h" />
    <ClInclude Include="src\api\hook\hook.hpp" />
    <ClInclude Include="dependencies\funchook\include\distorm.h" />
    <ClInclude Include="dependencies\funchook\include\mnemonics.h" />
    <ClInclude Include="dependencies\funchook\src\config.h" />
    <ClInclude Include="dependencies\funchook\src\decoder.h" />
    <ClInclude Include="dependencies\funchook\src\instructions.h" />
    <ClInclude Include="dependencies\funchook\src\insts.h" />
    <ClInclude Include="dependencies\funchook\src\operands.h" />
    <ClInclude Include="dependencies\funchook\src\prefix.h" />
    <ClInclude Include="dependencies\funchook\src\textdefs.h" />
    <ClInclude Include="dependencies\funchook\src\wstring.h" />
    <ClInclude Include="dependencies\funchook\src\x86defs.h" />
    <ClInclude Include="dependencies\imgui\imconfig.h" />
    <ClInclude Include="dependencies\imgui\imgui.h" />
    <ClInclude Include="dependencies\imgui\imgui_impl_dx11.h" />
    <ClInclude Include="dependencies\imgui\imgui_impl_win32.h" />
    <ClInclude Include="dependencies\imgui\imgui_internal.h" />
    <ClInclude Include="dependencies\imgui\imstb_rectpack.h" />
    <ClInclude Include="dependencies\imgui\imstb_textedit.h" />
    <ClInclude Include="dependencies\imgui\imstb_truetype.h" />
    <ClInclude Include="src\sdk\source-sdk\classes\entity\centityidentity.hpp" />
    <ClInclude Include="src\sdk\source-sdk\classes\entity\centityinstance.hpp" />
    <ClInclude Include="src\sdk\source-sdk\classes\entity\c_csplayerpawn.hpp" />
    <ClInclude Include="src\sdk\source-sdk\classes\entity\chandle.hpp" />
    <ClInclude Include="src\sdk\source-sdk\math\vector.hpp" />
    <ClInclude Include="src\sdk\source-sdk\classes\entity\cgamescenenode.hpp" />
  </ItemGroup>
  <ItemGroup>
    <ClCompile Include="src\sdk\memory\memory.cpp" />
    <ClCompile Include="src\entry\cs2cheat.cpp" />
    <ClCompile Include="src\entry\main.cpp" />
    <ClCompile Include="src\sdk\interfaces\interfaces.cpp" />
    <ClCompile Include="src\console\console.cpp" />
    <ClCompile Include="src\sdk\source-sdk\netvars\netvars.cpp" />
    <ClCompile Include="src\hooks\hooks.cpp" />
    <ClCompile Include="dependencies\funchook\src\disasm_distorm.c" />
    <ClCompile Include="dependencies\funchook\src\funchook.c" />
    <ClCompile Include="dependencies\funchook\src\funchook_windows.c" />
    <ClCompile Include="dependencies\funchook\src\funchook_x86.c" />
    <ClCompile Include="dependencies\funchook\src\decoder.c" />
    <ClCompile Include="dependencies\funchook\src\distorm.c" />
    <ClCompile Include="dependencies\funchook\src\instructions.c" />
    <ClCompile Include="dependencies\funchook\src\insts.c" />
    <ClCompile Include="dependencies\funchook\src\mnemonics.c" />
    <ClCompile Include="dependencies\funchook\src\operands.c" />
    <ClCompile Include="dependencies\funchook\src\prefix.c" />
    <ClCompile Include="dependencies\funchook\src\textdefs.c" />
    <ClCompile Include="src\hooks\platform\win32\wndproc_hook.cpp" />
    <ClCompile Include="dependencies\imgui\imgui.cpp" />
    <ClCompile Include="dependencies\imgui\imgui_demo.cpp" />
    <ClCompile Include="dependencies\imgui\imgui_draw.cpp" />
    <ClCompile Include="dependencies\imgui\imgui_impl_dx11.cpp" />
    <ClCompile Include="dependencies\imgui\imgui_impl_win32.cpp" />
    <ClCompile Include="dependencies\imgui\imgui_tables.cpp" />
    <ClCompile Include="dependencies\imgui\imgui_widgets.cpp" />
    <ClCompile Include="src\hooks\platform\win32\directx11_hook.cpp" />
    <ClCompile Include="src\hooks\platform\render.cpp" />
    <ClCompile Include="src\sdk\source-sdk\classes\entity\chandle.cpp" />
  </ItemGroup>
</Project>