<?xml version="1.0" encoding="utf-8"?>
<Project ToolsVersion="4.0" xmlns="http://schemas.microsoft.com/developer/msbuild/2003">
  <ItemGroup>
    <ClInclude Include="src\sdk\memory\memory.hpp" />
    <ClInclude Include="src\sdk\source2-sdk\interface.hpp" />
    <ClInclude Include="src\api\module\module.hpp" />
    <ClInclude Include="src\sdk\interfaces\interfaces.hpp" />
    <ClInclude Include="src\sdk\source2-sdk\interfaces\cgameresourceserviceclient.hpp" />
    <ClInclude Include="src\sdk\source2-sdk\interfaces\cgameentitysystem.hpp" />
    <ClInclude Include="src\sdk\virtual.hpp" />
    <ClInclude Include="src\defines.hpp" />
    <ClInclude Include="dependencies\stb\stb.hh" />
    <ClInclude Include="src\utils\console\console.hpp" />
    <ClInclude Include="src\sdk\source2-sdk\interfaces\csource2client.hpp" />
    <ClInclude Include="src\sdk\source2-sdk\interfaces\cschemasystem.hpp" />
    <ClInclude Include="src\sdk\schema\schema.hpp" />
    <ClInclude Include="dependencies\fnv1a\hash_fnv1a_constexpr.h" />
    <ClInclude Include="src\sdk\source2-sdk\entity\ccsplayercontroller.hpp" />
    <ClInclude Include="src\sdk\source2-sdk\entity\cbaseplayercontroller.hpp" />
    <ClInclude Include="src\sdk\source2-sdk\entity\c_baseentity.hpp" />
    <ClInclude Include="src\hooks\hooks.hpp" />
    <ClInclude Include="dependencies\funchook\src\funchook.h" />
    <ClInclude Include="dependencies\funchook\src\disasm.h" />
    <ClInclude Include="dependencies\funchook\src\funchook_internal.h" />
    <ClInclude Include="dependencies\funchook\src\funchook_x86.h" />
    <ClInclude Include="src\api\hook\hook.hpp" />
    <ClInclude Include="dependencies\funchook\include\distorm.h" />
    <ClInclude Include="dependencies\funchook\include\mnemonics.h" />
    <ClInclude Include="dependencies\funchook\src\config.h" />
    <ClInclude Include="dependencies\funchook\src\decoder.h" />
    <ClInclude Include="dependencies\funchook\src\instructions.h" />
    <ClInclude Include="dependencies\funchook\src\insts.h" />
    <ClInclude Include="dependencies\funchook\src\operands.h" />
    <ClInclude Include="dependencies\funchook\src\prefix.h" />
    <ClInclude Include="dependencies\funchook\src\textdefs.h" />
    <ClInclude Include="dependencies\funchook\src\wstring.h" />
    <ClInclude Include="dependencies\funchook\src\x86defs.h" />
    <ClInclude Include="dependencies\imgui\imconfig.h" />
    <ClInclude Include="dependencies\imgui\imgui.h" />
    <ClInclude Include="dependencies\imgui\imgui_impl_dx11.h" />
    <ClInclude Include="dependencies\imgui\imgui_impl_win32.h" />
    <ClInclude Include="dependencies\imgui\imgui_internal.h" />
    <ClInclude Include="dependencies\imgui\imstb_rectpack.h" />
    <ClInclude Include="dependencies\imgui\imstb_textedit.h" />
    <ClInclude Include="src\sdk\source2-sdk\entity\centityidentity.hpp" />
    <ClInclude Include="src\sdk\source2-sdk\entity\centityinstance.hpp" />
    <ClInclude Include="src\sdk\source2-sdk\entity\c_csplayerpawn.hpp" />
    <ClInclude Include="src\sdk\math\types\vector.hpp" />
    <ClInclude Include="src\sdk\source2-sdk\entity\cgamescenenode.hpp" />
    <ClInclude Include="src\utils\utils.hpp" />
    <ClInclude Include="src\sdk\source2-sdk\entity\ccollisionproperty.hpp" />
    <ClInclude Include="src\sdk\defines.hpp" />
    <ClInclude Include="src\game\menu\menu.hpp" />
    <ClInclude Include="src\sdk\source2-sdk\interfaces\cinputsystem.hpp" />
    <ClInclude Include="src\game\esp\esp.hpp" />
    <ClInclude Include="src\sdk\source2-sdk\interfaces\cengineclient.hpp" />
    <ClInclude Include="src\sdk\source2-sdk\entity\c_baseplayerpawn.hpp" />
    <ClInclude Include="src\sdk\source2-sdk\interfaces\ccvar.hpp" />
    <ClInclude Include="src\sdk\math\math.hpp" />
    <ClInclude Include="src\game\render\render.hpp" />
    <ClInclude Include="src\game\skins\skin_changer.hpp" />
    <ClInclude Include="src\sdk\source2-sdk\entity\cplayer_weaponservices.hpp" />
    <ClInclude Include="src\sdk\source2-sdk\entity\c_econentity.hpp" />
    <ClInclude Include="src\sdk\source2-sdk\entity\c_baseplayerweapon.hpp" />
    <ClInclude Include="src\sdk\source2-sdk\entity\c_econitemview.hpp" />
    <ClInclude Include="src\sdk\source2-sdk\entity\c_attributecontainer.hpp" />
    <ClInclude Include="src\sdk\source2-sdk\types\cnetworkutlvectorbase.hpp" />
    <ClInclude Include="src\sdk\source2-sdk\cstrike15\ccsinventorymanager.hpp" />
    <ClInclude Include="src\sdk\source2-sdk\cstrike15\ccsplayerinventory.hpp" />
    <ClInclude Include="src\sdk\source2-sdk\econ\ceconitem.hpp" />
    <ClInclude Include="src\sdk\source2-sdk\entity\ccsplayer_viewmodelservices.hpp" />
    <ClInclude Include="src\sdk\source2-sdk\entity\c_csplayerpawnbase.hpp" />
    <ClInclude Include="src\sdk\source2-sdk\gcsdk\cgcclient.hpp" />
    <ClInclude Include="src\sdk\source2-sdk\gcsdk\cgcclientsharedobjectcache.hpp" />
    <ClInclude Include="src\sdk\source2-sdk\gcsdk\cgcclientsystem.hpp" />
    <ClInclude Include="src\sdk\source2-sdk\gcsdk\cgcclientsharedobjecttypecache.hpp" />
    <ClInclude Include="src\sdk\source2-sdk\types\chandle.hpp" />
    <ClInclude Include="src\sdk\source2-sdk\interfaces\cheapmemalloc.hpp" />
    <ClInclude Include="src\sdk\source2-sdk\types\utlvector.hpp" />
    <ClInclude Include="src\sdk\source2-sdk\econ\ceconitemdefinition.hpp" />
    <ClInclude Include="src\sdk\source2-sdk\types\utlmap.hpp" />
    <ClInclude Include="src\sdk\source2-sdk\econ\ceconitemsystem.hpp" />
    <ClInclude Include="src\sdk\source2-sdk\econ\ceconitemschema.hpp" />
    <ClInclude Include="src\sdk\source2-sdk\interfaces\clocalize.hpp" />
    <ClInclude Include="src\sdk\source2-sdk\entity\c_csweaponbase.hpp" />
    <ClInclude Include="src\sdk\source2-sdk\entity\c_basemodelentity.hpp" />
    <ClInclude Include="dependencies\imgui\imgui_freetype.h" />
    <ClInclude Include="dependencies\cozette\cozette_bitmap.hpp" />
    <ClInclude Include="src\sdk\source2-sdk\entity\c_chicken.hpp" />
    <ClInclude Include="src\sdk\math\types\vmatrix.hpp" />
    <ClInclude Include="src\sdk\source2-sdk\interfaces\cgameevent.hpp" />
    <ClInclude Include="src\sdk\source2-sdk\entity\c_baseviewmodel.hpp" />
  </ItemGroup>
  <ItemGroup>
    <ClCompile Include="src\sdk\memory\memory.cpp" />
    <ClCompile Include="src\entry\cs2cheat.cpp" />
    <ClCompile Include="src\entry\main.cpp" />
    <ClCompile Include="src\sdk\interfaces\interfaces.cpp" />
    <ClCompile Include="src\utils\console\console.cpp" />
    <ClCompile Include="src\sdk\schema\schema.cpp" />
    <ClCompile Include="src\hooks\hooks.cpp" />
    <ClCompile Include="dependencies\funchook\src\disasm_distorm.c" />
    <ClCompile Include="dependencies\funchook\src\funchook.c" />
    <ClCompile Include="dependencies\funchook\src\funchook_windows.c" />
    <ClCompile Include="dependencies\funchook\src\funchook_x86.c" />
    <ClCompile Include="dependencies\funchook\src\decoder.c" />
    <ClCompile Include="dependencies\funchook\src\distorm.c" />
    <ClCompile Include="dependencies\funchook\src\instructions.c" />
    <ClCompile Include="dependencies\funchook\src\insts.c" />
    <ClCompile Include="dependencies\funchook\src\mnemonics.c" />
    <ClCompile Include="dependencies\funchook\src\operands.c" />
    <ClCompile Include="dependencies\funchook\src\prefix.c" />
    <ClCompile Include="dependencies\funchook\src\textdefs.c" />
    <ClCompile Include="src\hooks\platform\input\wndproc_hook.cpp" />
    <ClCompile Include="dependencies\imgui\imgui.cpp" />
    <ClCompile Include="dependencies\imgui\imgui_demo.cpp" />
    <ClCompile Include="dependencies\imgui\imgui_draw.cpp" />
    <ClCompile Include="dependencies\imgui\imgui_impl_dx11.cpp" />
    <ClCompile Include="dependencies\imgui\imgui_impl_win32.cpp" />
    <ClCompile Include="dependencies\imgui\imgui_tables.cpp" />
    <ClCompile Include="dependencies\imgui\imgui_widgets.cpp" />
    <ClCompile Include="src\hooks\platform\graphics\directx11_hook.cpp" />
    <ClCompile Include="src\utils\utils.cpp" />
    <ClCompile Include="src\api\unload\unload.cpp" />
    <ClCompile Include="src\sdk\source2-sdk\entity\c_baseentity.cpp" />
    <ClCompile Include="src\game\menu\menu.cpp" />
    <ClCompile Include="src\game\render\render.cpp" />
    <ClCompile Include="src\game\game_hooks.cpp" />
    <ClCompile Include="src\game\esp\esp.cpp" />
    <ClCompile Include="src\sdk\source2-sdk\entity\c_csplayerpawn.cpp" />
    <ClCompile Include="src\sdk\math\math.cpp" />
    <ClCompile Include="src\hooks\platform\pre_graphic_hook.cpp" />
    <ClCompile Include="src\hooks\platform\graphics\vulkan_hook.cpp" />
    <ClCompile Include="src\game\skins\skin_changer.cpp" />
    <ClCompile Include="src\sdk\source2-sdk\cstrike15\ccsplayerinventory.cpp" />
    <ClCompile Include="src\sdk\source2-sdk\econ\ceconitem.cpp" />
    <ClCompile Include="src\sdk\source2-sdk\entity\cgamescenenode.cpp" />
    <ClCompile Include="src\sdk\source2-sdk\gcsdk\cgcclient.cpp" />
    <ClCompile Include="src\sdk\source2-sdk\gcsdk\cgcclientsharedobjectcache.cpp" />
    <ClCompile Include="src\sdk\source2-sdk\gcsdk\cgcclientsystem.cpp" />
    <ClCompile Include="src\sdk\source2-sdk\types\chandle.cpp" />
    <ClCompile Include="src\sdk\source2-sdk\econ\ceconitemdefinition.cpp" />
    <ClCompile Include="src\sdk\source2-sdk\entity\c_basemodelentity.cpp" />
    <ClCompile Include="dependencies\imgui\imgui_freetype.cpp" />
    <ClCompile Include="src\sdk\source2-sdk\interfaces\cgameentitysystem.cpp" />
    <ClCompile Include="src\sdk\source2-sdk\cstrike15\ccsinventorymanager.cpp" />
    <ClCompile Include="src\sdk\source2-sdk\entity\c_econitemview.cpp" />
    <ClCompile Include="src\sdk\source2-sdk\econ\ceconitemschema.cpp" />
    <ClCompile Include="src\sdk\source2-sdk\entity\c_csweaponbase.cpp" />
  </ItemGroup>
</Project>